
Microsoft Visual Studio Solution File, Format Version 12.00
# Visual Studio Version 16
VisualStudioVersion = 16.0.29728.190
MinimumVisualStudioVersion = 10.0.40219.1
Project("{FAE04EC0-301F-11D3-BF4B-00C04F79EFBC}") = "CollectionsArrays", "CollectionsArrays.csproj", "{3CFB5FED-302E-46A1-B483-01ABA6236BCA}"
EndProject
Global
	GlobalSection(SolutionConfigurationPlatforms) = preSolution
		Debug|Any CPU = Debug|Any CPU
		Release|Any CPU = Release|Any CPU
	EndGlobalSection
	GlobalSection(ProjectConfigurationPlatforms) = postSolution
		{3CFB5FED-302E-46A1-B483-01ABA6236BCA}.Debug|Any CPU.ActiveCfg = Debug|Any CPU
		{3CFB5FED-302E-46A1-B483-01ABA6236BCA}.Debug|Any CPU.Build.0 = Debug|Any CPU
		{3CFB5FED-302E-46A1-B483-01ABA6236BCA}.Release|Any CPU.ActiveCfg = Release|Any CPU
		{3CFB5FED-302E-46A1-B483-01ABA6236BCA}.Release|Any CPU.Build.0 = Release|Any CPU
	EndGlobalSection
	GlobalSection(SolutionProperties) = preSolution
		HideSolutionNode = FALSE
	EndGlobalSection
	GlobalSection(ExtensibilityGlobals) = postSolution
		SolutionGuid = {F21C8186-66AF-479A-9441-C93B57D3F88C}
	EndGlobalSection
EndGlobal
